
Microsoft Visual Studio Solution File, Format Version 12.00
# Visual Studio Version 17
VisualStudioVersion = 17.9.34902.65
MinimumVisualStudioVersion = 10.0.40219.1
Project("{FAE04EC0-301F-11D3-BF4B-00C04F79EFBC}") = "API", "Tarea1.AnaJimenez.Proyecto2.Noche\API.csproj", "{FF807838-D4FD-43EE-A9CD-83DA5406ACFC}"
	ProjectSection(ProjectDependencies) = postProject
		{A5C4D457-F94D-4AA7-97E3-97002A538BE4} = {A5C4D457-F94D-4AA7-97E3-97002A538BE4}
	EndProjectSection
EndProject
Project("{FAE04EC0-301F-11D3-BF4B-00C04F79EFBC}") = "MVC", "MVC\MVC.csproj", "{6320B02A-332A-4FDD-BE6F-4FAC8E258C95}"
	ProjectSection(ProjectDependencies) = postProject
		{FF807838-D4FD-43EE-A9CD-83DA5406ACFC} = {FF807838-D4FD-43EE-A9CD-83DA5406ACFC}
	EndProjectSection
EndProject
Project("{FAE04EC0-301F-11D3-BF4B-00C04F79EFBC}") = "BL", "BL\BL.csproj", "{A5C4D457-F94D-4AA7-97E3-97002A538BE4}"
EndProject
Global
	GlobalSection(SolutionConfigurationPlatforms) = preSolution
		Debug|Any CPU = Debug|Any CPU
		Release|Any CPU = Release|Any CPU
	EndGlobalSection
	GlobalSection(ProjectConfigurationPlatforms) = postSolution
		{FF807838-D4FD-43EE-A9CD-83DA5406ACFC}.Debug|Any CPU.ActiveCfg = Debug|Any CPU
		{FF807838-D4FD-43EE-A9CD-83DA5406ACFC}.Debug|Any CPU.Build.0 = Debug|Any CPU
		{FF807838-D4FD-43EE-A9CD-83DA5406ACFC}.Release|Any CPU.ActiveCfg = Release|Any CPU
		{FF807838-D4FD-43EE-A9CD-83DA5406ACFC}.Release|Any CPU.Build.0 = Release|Any CPU
		{6320B02A-332A-4FDD-BE6F-4FAC8E258C95}.Debug|Any CPU.ActiveCfg = Debug|Any CPU
		{6320B02A-332A-4FDD-BE6F-4FAC8E258C95}.Debug|Any CPU.Build.0 = Debug|Any CPU
		{6320B02A-332A-4FDD-BE6F-4FAC8E258C95}.Release|Any CPU.ActiveCfg = Release|Any CPU
		{6320B02A-332A-4FDD-BE6F-4FAC8E258C95}.Release|Any CPU.Build.0 = Release|Any CPU
		{A5C4D457-F94D-4AA7-97E3-97002A538BE4}.Debug|Any CPU.ActiveCfg = Debug|Any CPU
		{A5C4D457-F94D-4AA7-97E3-97002A538BE4}.Debug|Any CPU.Build.0 = Debug|Any CPU
		{A5C4D457-F94D-4AA7-97E3-97002A538BE4}.Release|Any CPU.ActiveCfg = Release|Any CPU
		{A5C4D457-F94D-4AA7-97E3-97002A538BE4}.Release|Any CPU.Build.0 = Release|Any CPU
	EndGlobalSection
	GlobalSection(SolutionProperties) = preSolution
		HideSolutionNode = FALSE
	EndGlobalSection
	GlobalSection(ExtensibilityGlobals) = postSolution
		SolutionGuid = {82BB77D7-2DD8-4C94-A85B-7FB83CE869B8}
	EndGlobalSection
EndGlobal
